
Microsoft Visual Studio Solution File, Format Version 12.00
# Visual Studio Version 17
VisualStudioVersion = 17.10.35122.118
MinimumVisualStudioVersion = 10.0.40219.1
Project("{FAE04EC0-301F-11D3-BF4B-00C04F79EFBC}") = "Biblioteca.Server", "Biblioteca.Server\Biblioteca.Server.csproj", "{4F20EFE9-7D67-4015-9D88-CCB1853742DB}"
EndProject
Project("{FAE04EC0-301F-11D3-BF4B-00C04F79EFBC}") = "Biblioteca.BD", "Biblioteca.BD\Biblioteca.BD.csproj", "{4A53B34D-934A-4142-B5F2-83C7447C3095}"
EndProject
Global
	GlobalSection(SolutionConfigurationPlatforms) = preSolution
		Debug|Any CPU = Debug|Any CPU
		Release|Any CPU = Release|Any CPU
	EndGlobalSection
	GlobalSection(ProjectConfigurationPlatforms) = postSolution
		{4F20EFE9-7D67-4015-9D88-CCB1853742DB}.Debug|Any CPU.ActiveCfg = Debug|Any CPU
		{4F20EFE9-7D67-4015-9D88-CCB1853742DB}.Debug|Any CPU.Build.0 = Debug|Any CPU
		{4F20EFE9-7D67-4015-9D88-CCB1853742DB}.Release|Any CPU.ActiveCfg = Release|Any CPU
		{4F20EFE9-7D67-4015-9D88-CCB1853742DB}.Release|Any CPU.Build.0 = Release|Any CPU
		{4A53B34D-934A-4142-B5F2-83C7447C3095}.Debug|Any CPU.ActiveCfg = Debug|Any CPU
		{4A53B34D-934A-4142-B5F2-83C7447C3095}.Debug|Any CPU.Build.0 = Debug|Any CPU
		{4A53B34D-934A-4142-B5F2-83C7447C3095}.Release|Any CPU.ActiveCfg = Release|Any CPU
		{4A53B34D-934A-4142-B5F2-83C7447C3095}.Release|Any CPU.Build.0 = Release|Any CPU
	EndGlobalSection
	GlobalSection(SolutionProperties) = preSolution
		HideSolutionNode = FALSE
	EndGlobalSection
	GlobalSection(ExtensibilityGlobals) = postSolution
		SolutionGuid = {7457D448-BC20-4275-B56B-016A8D12A85E}
	EndGlobalSection
EndGlobal
