
Microsoft Visual Studio Solution File, Format Version 12.00
# Visual Studio Version 17
VisualStudioVersion = 17.10.35013.160
MinimumVisualStudioVersion = 10.0.40219.1
Project("{FAE04EC0-301F-11D3-BF4B-00C04F79EFBC}") = "Proyecto2024.Server", "Proyecto2024.Server\Proyecto2024.Server.csproj", "{EF68F049-A213-4D53-840B-DCBE9F99F337}"
EndProject
Project("{FAE04EC0-301F-11D3-BF4B-00C04F79EFBC}") = "Proyecto2024.BD", "Proyecto2024.BD\Proyecto2024.BD.csproj", "{851D49FA-90C5-4AAD-AD2D-9A06210A42FD}"
EndProject
Global
	GlobalSection(SolutionConfigurationPlatforms) = preSolution
		Debug|Any CPU = Debug|Any CPU
		Release|Any CPU = Release|Any CPU
	EndGlobalSection
	GlobalSection(ProjectConfigurationPlatforms) = postSolution
		{EF68F049-A213-4D53-840B-DCBE9F99F337}.Debug|Any CPU.ActiveCfg = Debug|Any CPU
		{EF68F049-A213-4D53-840B-DCBE9F99F337}.Debug|Any CPU.Build.0 = Debug|Any CPU
		{EF68F049-A213-4D53-840B-DCBE9F99F337}.Release|Any CPU.ActiveCfg = Release|Any CPU
		{EF68F049-A213-4D53-840B-DCBE9F99F337}.Release|Any CPU.Build.0 = Release|Any CPU
		{851D49FA-90C5-4AAD-AD2D-9A06210A42FD}.Debug|Any CPU.ActiveCfg = Debug|Any CPU
		{851D49FA-90C5-4AAD-AD2D-9A06210A42FD}.Debug|Any CPU.Build.0 = Debug|Any CPU
		{851D49FA-90C5-4AAD-AD2D-9A06210A42FD}.Release|Any CPU.ActiveCfg = Release|Any CPU
		{851D49FA-90C5-4AAD-AD2D-9A06210A42FD}.Release|Any CPU.Build.0 = Release|Any CPU
	EndGlobalSection
	GlobalSection(SolutionProperties) = preSolution
		HideSolutionNode = FALSE
	EndGlobalSection
	GlobalSection(ExtensibilityGlobals) = postSolution
		SolutionGuid = {C9B58F95-CDEC-44A8-B908-58CB43DD1373}
	EndGlobalSection
EndGlobal
