
Microsoft Visual Studio Solution File, Format Version 12.00
# Visual Studio Version 17
VisualStudioVersion = 17.10.35004.147
MinimumVisualStudioVersion = 10.0.40219.1
Project("{FAE04EC0-301F-11D3-BF4B-00C04F79EFBC}") = "Proyecto_independiente.Server", "Proyecto_independiente.Server\Proyecto_independiente.Server.csproj", "{588922DB-7C10-4DBE-ADC4-283B18AC885A}"
EndProject
Project("{FAE04EC0-301F-11D3-BF4B-00C04F79EFBC}") = "Proyecto_independiente.BD", "Proyecto_independiente.BD\Proyecto_independiente.BD.csproj", "{7DFCC5F7-A965-4E00-B744-CE2634B000F0}"
EndProject
Global
	GlobalSection(SolutionConfigurationPlatforms) = preSolution
		Debug|Any CPU = Debug|Any CPU
		Release|Any CPU = Release|Any CPU
	EndGlobalSection
	GlobalSection(ProjectConfigurationPlatforms) = postSolution
		{588922DB-7C10-4DBE-ADC4-283B18AC885A}.Debug|Any CPU.ActiveCfg = Debug|Any CPU
		{588922DB-7C10-4DBE-ADC4-283B18AC885A}.Debug|Any CPU.Build.0 = Debug|Any CPU
		{588922DB-7C10-4DBE-ADC4-283B18AC885A}.Release|Any CPU.ActiveCfg = Release|Any CPU
		{588922DB-7C10-4DBE-ADC4-283B18AC885A}.Release|Any CPU.Build.0 = Release|Any CPU
		{7DFCC5F7-A965-4E00-B744-CE2634B000F0}.Debug|Any CPU.ActiveCfg = Debug|Any CPU
		{7DFCC5F7-A965-4E00-B744-CE2634B000F0}.Debug|Any CPU.Build.0 = Debug|Any CPU
		{7DFCC5F7-A965-4E00-B744-CE2634B000F0}.Release|Any CPU.ActiveCfg = Release|Any CPU
		{7DFCC5F7-A965-4E00-B744-CE2634B000F0}.Release|Any CPU.Build.0 = Release|Any CPU
	EndGlobalSection
	GlobalSection(SolutionProperties) = preSolution
		HideSolutionNode = FALSE
	EndGlobalSection
	GlobalSection(ExtensibilityGlobals) = postSolution
		SolutionGuid = {F26441FD-3A36-4C86-9FC8-6E130D68FD13}
	EndGlobalSection
EndGlobal
