
Microsoft Visual Studio Solution File, Format Version 12.00
# Visual Studio Version 17
VisualStudioVersion = 17.10.35004.147
MinimumVisualStudioVersion = 10.0.40219.1
Project("{FAE04EC0-301F-11D3-BF4B-00C04F79EFBC}") = "ProyectoLaGran7.Server", "ProyectoLaGran7.Server\ProyectoLaGran7.Server.csproj", "{18221997-F9B7-47D4-B025-85AF22D51CFB}"
EndProject
Project("{FAE04EC0-301F-11D3-BF4B-00C04F79EFBC}") = "ProyectoLaGran7.BD", "Proyecto2024.BD\ProyectoLaGran7.BD.csproj", "{32323C78-18B6-4FD8-BAED-7A9A2D3A0F89}"
EndProject
Global
	GlobalSection(SolutionConfigurationPlatforms) = preSolution
		Debug|Any CPU = Debug|Any CPU
		Release|Any CPU = Release|Any CPU
	EndGlobalSection
	GlobalSection(ProjectConfigurationPlatforms) = postSolution
		{18221997-F9B7-47D4-B025-85AF22D51CFB}.Debug|Any CPU.ActiveCfg = Debug|Any CPU
		{18221997-F9B7-47D4-B025-85AF22D51CFB}.Debug|Any CPU.Build.0 = Debug|Any CPU
		{18221997-F9B7-47D4-B025-85AF22D51CFB}.Release|Any CPU.ActiveCfg = Release|Any CPU
		{18221997-F9B7-47D4-B025-85AF22D51CFB}.Release|Any CPU.Build.0 = Release|Any CPU
		{32323C78-18B6-4FD8-BAED-7A9A2D3A0F89}.Debug|Any CPU.ActiveCfg = Debug|Any CPU
		{32323C78-18B6-4FD8-BAED-7A9A2D3A0F89}.Debug|Any CPU.Build.0 = Debug|Any CPU
		{32323C78-18B6-4FD8-BAED-7A9A2D3A0F89}.Release|Any CPU.ActiveCfg = Release|Any CPU
		{32323C78-18B6-4FD8-BAED-7A9A2D3A0F89}.Release|Any CPU.Build.0 = Release|Any CPU
	EndGlobalSection
	GlobalSection(SolutionProperties) = preSolution
		HideSolutionNode = FALSE
	EndGlobalSection
	GlobalSection(ExtensibilityGlobals) = postSolution
		SolutionGuid = {14D80B50-C006-4D01-8176-343F1D0ABE4C}
	EndGlobalSection
EndGlobal
